Microsoft Visual Studio Solution File, Format Version 12.00
# Visual Studio Version 17
VisualStudioVersion = 17.13.35825.156
MinimumVisualStudioVersion = 10.0.40219.1
Project("{FAE04EC0-301F-11D3-BF4B-00C04F79EFBC}") = "ExamenEscuela", "ExamenEscuela.csproj", "{1BDF0E53-C10D-49B2-B05D-F7A16B719211}"
EndProject
Project("{FAE04EC0-301F-11D3-BF4B-00C04F79EFBC}") = "EscuelaDB", "..\EscuelaDB\EscuelaDB.csproj", "{FE9AF854-C51C-4D2D-A76A-4145B4E9B41F}"
EndProject
Global
	GlobalSection(SolutionConfigurationPlatforms) = preSolution
		Debug|Any CPU = Debug|Any CPU
		Release|Any CPU = Release|Any CPU
	EndGlobalSection
	GlobalSection(ProjectConfigurationPlatforms) = postSolution
		{1BDF0E53-C10D-49B2-B05D-F7A16B719211}.Debug|Any CPU.ActiveCfg = Debug|Any CPU
		{1BDF0E53-C10D-49B2-B05D-F7A16B719211}.Debug|Any CPU.Build.0 = Debug|Any CPU
		{1BDF0E53-C10D-49B2-B05D-F7A16B719211}.Release|Any CPU.ActiveCfg = Release|Any CPU
		{1BDF0E53-C10D-49B2-B05D-F7A16B719211}.Release|Any CPU.Build.0 = Release|Any CPU
		{FE9AF854-C51C-4D2D-A76A-4145B4E9B41F}.Debug|Any CPU.ActiveCfg = Debug|Any CPU
		{FE9AF854-C51C-4D2D-A76A-4145B4E9B41F}.Debug|Any CPU.Build.0 = Debug|Any CPU
		{FE9AF854-C51C-4D2D-A76A-4145B4E9B41F}.Release|Any CPU.ActiveCfg = Release|Any CPU
		{FE9AF854-C51C-4D2D-A76A-4145B4E9B41F}.Release|Any CPU.Build.0 = Release|Any CPU
	EndGlobalSection
	GlobalSection(SolutionProperties) = preSolution
		HideSolutionNode = FALSE
	EndGlobalSection
	GlobalSection(ExtensibilityGlobals) = postSolution
		SolutionGuid = {06C42F05-7B3F-4379-A699-96FEF299A0CD}
	EndGlobalSection
EndGlobal
